
Microsoft Visual Studio Solution File, Format Version 12.00
# Visual Studio Version 17
VisualStudioVersion = 17.5.33424.131
MinimumVisualStudioVersion = 10.0.40219.1
Project("{FAE04EC0-301F-11D3-BF4B-00C04F79EFBC}") = "ConsoleApp1", "ConsoleApp1\ConsoleApp1.csproj", "{65469AEB-6641-4CBA-8EA5-5FB5E565C1F0}"
EndProject
Global
	GlobalSection(SolutionConfigurationPlatforms) = preSolution
		Debug|Any CPU = Debug|Any CPU
		Release|Any CPU = Release|Any CPU
	EndGlobalSection
	GlobalSection(ProjectConfigurationPlatforms) = postSolution
		{65469AEB-6641-4CBA-8EA5-5FB5E565C1F0}.Debug|Any CPU.ActiveCfg = Debug|Any CPU
		{65469AEB-6641-4CBA-8EA5-5FB5E565C1F0}.Debug|Any CPU.Build.0 = Debug|Any CPU
		{65469AEB-6641-4CBA-8EA5-5FB5E565C1F0}.Release|Any CPU.ActiveCfg = Release|Any CPU
		{65469AEB-6641-4CBA-8EA5-5FB5E565C1F0}.Release|Any CPU.Build.0 = Release|Any CPU
	EndGlobalSection
	GlobalSection(SolutionProperties) = preSolution
		HideSolutionNode = FALSE
	EndGlobalSection
	GlobalSection(ExtensibilityGlobals) = postSolution
		SolutionGuid = {DC87099F-CA8A-4724-89EB-CE203C998770}
	EndGlobalSection
EndGlobal
